{
  "name": "eQit",
  "version": "1.0.0",
  "lockfileVersion": 1,
  "requires": true,
  "dependencies": {
    "shutdown-computer": {
      "version": "1.0.2",
      "resolved": "https://registry.npmjs.org/shutdown-computer/-/shutdown-computer-1.0.2.tgz",
      "integrity": "sha512-fhOqgAzFMdVUHdHLoZb9YSIbw03FK+oc/eHBC7aV7XWnOsnn++Uuw9JhrzEKl8WU5x8ezGgPqdqkDhqVTBwlfw=="
    }
  }
}
